
Microsoft Visual Studio Solution File, Format Version 12.00
# Visual Studio 15
VisualStudioVersion = 15.0.28307.271
MinimumVisualStudioVersion = 10.0.40219.1
Project("{FAE04EC0-301F-11D3-BF4B-00C04F79EFBC}") = "CovidSim", "CovidSim\CovidSim.csproj", "{B2FF5FCC-7F92-4E83-BD18-ED5C3F711C70}"
EndProject
Project("{FAE04EC0-301F-11D3-BF4B-00C04F79EFBC}") = "CovidSimApp", "CovidSimApp\CovidSimApp.csproj", "{2AADAC76-4B33-4D29-84F6-4AA82D964BEE}"
EndProject
Project("{FAE04EC0-301F-11D3-BF4B-00C04F79EFBC}") = "CovidSimCon", "CovidSimCon\CovidSimCon.csproj", "{F36C3CF9-A0F8-450D-ADA5-023C6C81E9DB}"
EndProject
Global
	GlobalSection(SolutionConfigurationPlatforms) = preSolution
		Debug|Any CPU = Debug|Any CPU
		Release|Any CPU = Release|Any CPU
	EndGlobalSection
	GlobalSection(ProjectConfigurationPlatforms) = postSolution
		{B2FF5FCC-7F92-4E83-BD18-ED5C3F711C70}.Debug|Any CPU.ActiveCfg = Debug|Any CPU
		{B2FF5FCC-7F92-4E83-BD18-ED5C3F711C70}.Debug|Any CPU.Build.0 = Debug|Any CPU
		{B2FF5FCC-7F92-4E83-BD18-ED5C3F711C70}.Release|Any CPU.ActiveCfg = Release|Any CPU
		{B2FF5FCC-7F92-4E83-BD18-ED5C3F711C70}.Release|Any CPU.Build.0 = Release|Any CPU
		{2AADAC76-4B33-4D29-84F6-4AA82D964BEE}.Debug|Any CPU.ActiveCfg = Debug|Any CPU
		{2AADAC76-4B33-4D29-84F6-4AA82D964BEE}.Debug|Any CPU.Build.0 = Debug|Any CPU
		{2AADAC76-4B33-4D29-84F6-4AA82D964BEE}.Release|Any CPU.ActiveCfg = Release|Any CPU
		{2AADAC76-4B33-4D29-84F6-4AA82D964BEE}.Release|Any CPU.Build.0 = Release|Any CPU
		{F36C3CF9-A0F8-450D-ADA5-023C6C81E9DB}.Debug|Any CPU.ActiveCfg = Debug|Any CPU
		{F36C3CF9-A0F8-450D-ADA5-023C6C81E9DB}.Debug|Any CPU.Build.0 = Debug|Any CPU
		{F36C3CF9-A0F8-450D-ADA5-023C6C81E9DB}.Release|Any CPU.ActiveCfg = Release|Any CPU
		{F36C3CF9-A0F8-450D-ADA5-023C6C81E9DB}.Release|Any CPU.Build.0 = Release|Any CPU
	EndGlobalSection
	GlobalSection(SolutionProperties) = preSolution
		HideSolutionNode = FALSE
	EndGlobalSection
	GlobalSection(ExtensibilityGlobals) = postSolution
		SolutionGuid = {DE35FD7E-49CC-4FAF-80F4-8E49CBFCC367}
	EndGlobalSection
EndGlobal
